
Microsoft Visual Studio Solution File, Format Version 12.00
# Visual Studio Version 17
VisualStudioVersion = 17.7.34221.43
MinimumVisualStudioVersion = 10.0.40219.1
Project("{FAE04EC0-301F-11D3-BF4B-00C04F79EFBC}") = "Student Grading System", "Student Grading System.csproj", "{BF45760C-41A7-43EA-9DF5-4DFBEB957D13}"
EndProject
Global
	GlobalSection(SolutionConfigurationPlatforms) = preSolution
		Debug|Any CPU = Debug|Any CPU
		Release|Any CPU = Release|Any CPU
	EndGlobalSection
	GlobalSection(ProjectConfigurationPlatforms) = postSolution
		{BF45760C-41A7-43EA-9DF5-4DFBEB957D13}.Debug|Any CPU.ActiveCfg = Debug|Any CPU
		{BF45760C-41A7-43EA-9DF5-4DFBEB957D13}.Debug|Any CPU.Build.0 = Debug|Any CPU
		{BF45760C-41A7-43EA-9DF5-4DFBEB957D13}.Release|Any CPU.ActiveCfg = Release|Any CPU
		{BF45760C-41A7-43EA-9DF5-4DFBEB957D13}.Release|Any CPU.Build.0 = Release|Any CPU
	EndGlobalSection
	GlobalSection(SolutionProperties) = preSolution
		HideSolutionNode = FALSE
	EndGlobalSection
	GlobalSection(ExtensibilityGlobals) = postSolution
		SolutionGuid = {97B45BB1-C517-482B-9A90-3B49B5FEBADD}
	EndGlobalSection
EndGlobal
